
Microsoft Visual Studio Solution File, Format Version 12.00
# Visual Studio Version 17
VisualStudioVersion = 17.0.31903.59
MinimumVisualStudioVersion = 10.0.40219.1
Project("{FAE04EC0-301F-11D3-BF4B-00C04F79EFBC}") = "AnimInterf", "AnimInterf\AnimInterf.csproj", "{23371B7B-9960-4FE0-85F9-04DFC2C32071}"
EndProject
Project("{FAE04EC0-301F-11D3-BF4B-00C04F79EFBC}") = "GameInterfaces", "GameInterfaces\GameInterfaces.csproj", "{A471EE0E-9FDF-48A6-BEB1-8ABAAED28BAA}"
EndProject
Global
	GlobalSection(SolutionConfigurationPlatforms) = preSolution
		Debug|Any CPU = Debug|Any CPU
		Release|Any CPU = Release|Any CPU
	EndGlobalSection
	GlobalSection(SolutionProperties) = preSolution
		HideSolutionNode = FALSE
	EndGlobalSection
	GlobalSection(ProjectConfigurationPlatforms) = postSolution
		{23371B7B-9960-4FE0-85F9-04DFC2C32071}.Debug|Any CPU.ActiveCfg = Debug|Any CPU
		{23371B7B-9960-4FE0-85F9-04DFC2C32071}.Debug|Any CPU.Build.0 = Debug|Any CPU
		{23371B7B-9960-4FE0-85F9-04DFC2C32071}.Release|Any CPU.ActiveCfg = Release|Any CPU
		{23371B7B-9960-4FE0-85F9-04DFC2C32071}.Release|Any CPU.Build.0 = Release|Any CPU
		{A471EE0E-9FDF-48A6-BEB1-8ABAAED28BAA}.Debug|Any CPU.ActiveCfg = Debug|Any CPU
		{A471EE0E-9FDF-48A6-BEB1-8ABAAED28BAA}.Debug|Any CPU.Build.0 = Debug|Any CPU
		{A471EE0E-9FDF-48A6-BEB1-8ABAAED28BAA}.Release|Any CPU.ActiveCfg = Release|Any CPU
		{A471EE0E-9FDF-48A6-BEB1-8ABAAED28BAA}.Release|Any CPU.Build.0 = Release|Any CPU
	EndGlobalSection
EndGlobal
